
Microsoft Visual Studio Solution File, Format Version 12.00
# Visual Studio Version 17
VisualStudioVersion = 17.14.36221.1
MinimumVisualStudioVersion = 10.0.40219.1
Project("{FAE04EC0-301F-11D3-BF4B-00C04F79EFBC}") = "JobSearch", "JobSearch\JobSearch.csproj", "{330F6CB3-7284-4D52-BD62-90994BA626EA}"
EndProject
Global
	GlobalSection(SolutionConfigurationPlatforms) = preSolution
		Debug|Any CPU = Debug|Any CPU
		Release|Any CPU = Release|Any CPU
	EndGlobalSection
	GlobalSection(ProjectConfigurationPlatforms) = postSolution
		{330F6CB3-7284-4D52-BD62-90994BA626EA}.Debug|Any CPU.ActiveCfg = Debug|Any CPU
		{330F6CB3-7284-4D52-BD62-90994BA626EA}.Debug|Any CPU.Build.0 = Debug|Any CPU
		{330F6CB3-7284-4D52-BD62-90994BA626EA}.Release|Any CPU.ActiveCfg = Release|Any CPU
		{330F6CB3-7284-4D52-BD62-90994BA626EA}.Release|Any CPU.Build.0 = Release|Any CPU
	EndGlobalSection
	GlobalSection(SolutionProperties) = preSolution
		HideSolutionNode = FALSE
	EndGlobalSection
	GlobalSection(ExtensibilityGlobals) = postSolution
		SolutionGuid = {2864587B-17FD-4513-9470-DAED0B2276BA}
	EndGlobalSection
EndGlobal
